{
  "name": "wasm-vite-rust-basic",
  "lockfileVersion": 3,
  "requires": true,
  "packages": {
    "": {
      "dependencies": {
        "pnpm": "^9.3.0"
      }
    },
    "node_modules/pnpm": {
      "version": "9.3.0",
      "resolved": "https://registry.npmjs.org/pnpm/-/pnpm-9.3.0.tgz",
      "integrity": "sha512-7nuT4MK9EUCcZCT5K4ZvMdPqG+9fvkfTx1AM3DyWaIM9LlVoGtZt9bZAxh+p3CXVRu+lTXbX+L9UsTYUrCk2MQ==",
      "bin": {
        "pnpm": "bin/pnpm.cjs",
        "pnpx": "bin/pnpx.cjs"
      },
      "engines": {
        "node": ">=18.12"
      },
      "funding": {
        "url": "https://opencollective.com/pnpm"
      }
    }
  }
}
